
Microsoft Visual Studio Solution File, Format Version 12.00
# Visual Studio Version 17
VisualStudioVersion = 17.6.33723.286
MinimumVisualStudioVersion = 10.0.40219.1
Project("{FAE04EC0-301F-11D3-BF4B-00C04F79EFBC}") = "Musicians.API", "Musicians.API\Musicians.API.csproj", "{DF1D0C34-57BC-45F1-968B-9516C291322B}"
EndProject
Project("{FAE04EC0-301F-11D3-BF4B-00C04F79EFBC}") = "Musicians.Domain", "Musicians.Domain\Musicians.Domain.csproj", "{EAA15907-FA18-46DB-BF89-DF35960F3B93}"
EndProject
Project("{FAE04EC0-301F-11D3-BF4B-00C04F79EFBC}") = "Musicians.Application", "Musicians.Application\Musicians.Application.csproj", "{FE155E9B-3224-49E1-AC12-2F4D796369BD}"
EndProject
Project("{FAE04EC0-301F-11D3-BF4B-00C04F79EFBC}") = "Musicians.Infrastructure", "Musicians.Infrastructure\Musicians.Infrastructure.csproj", "{5449108C-28A0-4821-8515-31FE1DE368D7}"
EndProject
Project("{9A19103F-16F7-4668-BE54-9A1E7A4F7556}") = "Shared", "..\..\Shared\Shared.csproj", "{2D42BAF8-1933-4F6E-A0E8-846DAFBF049C}"
EndProject
Global
	GlobalSection(SolutionConfigurationPlatforms) = preSolution
		Debug|Any CPU = Debug|Any CPU
		Release|Any CPU = Release|Any CPU
	EndGlobalSection
	GlobalSection(ProjectConfigurationPlatforms) = postSolution
		{DF1D0C34-57BC-45F1-968B-9516C291322B}.Debug|Any CPU.ActiveCfg = Debug|Any CPU
		{DF1D0C34-57BC-45F1-968B-9516C291322B}.Debug|Any CPU.Build.0 = Debug|Any CPU
		{DF1D0C34-57BC-45F1-968B-9516C291322B}.Release|Any CPU.ActiveCfg = Release|Any CPU
		{DF1D0C34-57BC-45F1-968B-9516C291322B}.Release|Any CPU.Build.0 = Release|Any CPU
		{EAA15907-FA18-46DB-BF89-DF35960F3B93}.Debug|Any CPU.ActiveCfg = Debug|Any CPU
		{EAA15907-FA18-46DB-BF89-DF35960F3B93}.Debug|Any CPU.Build.0 = Debug|Any CPU
		{EAA15907-FA18-46DB-BF89-DF35960F3B93}.Release|Any CPU.ActiveCfg = Release|Any CPU
		{EAA15907-FA18-46DB-BF89-DF35960F3B93}.Release|Any CPU.Build.0 = Release|Any CPU
		{FE155E9B-3224-49E1-AC12-2F4D796369BD}.Debug|Any CPU.ActiveCfg = Debug|Any CPU
		{FE155E9B-3224-49E1-AC12-2F4D796369BD}.Debug|Any CPU.Build.0 = Debug|Any CPU
		{FE155E9B-3224-49E1-AC12-2F4D796369BD}.Release|Any CPU.ActiveCfg = Release|Any CPU
		{FE155E9B-3224-49E1-AC12-2F4D796369BD}.Release|Any CPU.Build.0 = Release|Any CPU
		{5449108C-28A0-4821-8515-31FE1DE368D7}.Debug|Any CPU.ActiveCfg = Debug|Any CPU
		{5449108C-28A0-4821-8515-31FE1DE368D7}.Debug|Any CPU.Build.0 = Debug|Any CPU
		{5449108C-28A0-4821-8515-31FE1DE368D7}.Release|Any CPU.ActiveCfg = Release|Any CPU
		{5449108C-28A0-4821-8515-31FE1DE368D7}.Release|Any CPU.Build.0 = Release|Any CPU
		{2D42BAF8-1933-4F6E-A0E8-846DAFBF049C}.Debug|Any CPU.ActiveCfg = Debug|Any CPU
		{2D42BAF8-1933-4F6E-A0E8-846DAFBF049C}.Debug|Any CPU.Build.0 = Debug|Any CPU
		{2D42BAF8-1933-4F6E-A0E8-846DAFBF049C}.Release|Any CPU.ActiveCfg = Release|Any CPU
		{2D42BAF8-1933-4F6E-A0E8-846DAFBF049C}.Release|Any CPU.Build.0 = Release|Any CPU
	EndGlobalSection
	GlobalSection(SolutionProperties) = preSolution
		HideSolutionNode = FALSE
	EndGlobalSection
	GlobalSection(ExtensibilityGlobals) = postSolution
		SolutionGuid = {19A1BC1C-15D5-4767-9E5C-B04A1B9A8CCC}
	EndGlobalSection
EndGlobal
