
Microsoft Visual Studio Solution File, Format Version 12.00
# Visual Studio Version 17
VisualStudioVersion = 17.6.33723.286
MinimumVisualStudioVersion = 10.0.40219.1
Project("{FAE04EC0-301F-11D3-BF4B-00C04F79EFBC}") = "Identity.API", "Identity.API\Identity.API.csproj", "{004B3861-30BD-4805-976D-F7A0EC1A667E}"
EndProject
Project("{FAE04EC0-301F-11D3-BF4B-00C04F79EFBC}") = "Identity.Domain", "Identity.Domain\Identity.Domain.csproj", "{C824AA53-3AD6-4081-A98D-38E3989583AB}"
EndProject
Project("{FAE04EC0-301F-11D3-BF4B-00C04F79EFBC}") = "Identity.Application", "Identity.Application\Identity.Application.csproj", "{184A625D-FCDD-4727-A77B-65DDF29397CE}"
EndProject
Project("{FAE04EC0-301F-11D3-BF4B-00C04F79EFBC}") = "Identity.Infrastructure", "Identity.Infrastructure\Identity.Infrastructure.csproj", "{CAFFB49B-DBEE-4CB5-BA8C-829A69774A46}"
EndProject
Global
	GlobalSection(SolutionConfigurationPlatforms) = preSolution
		Debug|Any CPU = Debug|Any CPU
		Release|Any CPU = Release|Any CPU
	EndGlobalSection
	GlobalSection(ProjectConfigurationPlatforms) = postSolution
		{004B3861-30BD-4805-976D-F7A0EC1A667E}.Debug|Any CPU.ActiveCfg = Debug|Any CPU
		{004B3861-30BD-4805-976D-F7A0EC1A667E}.Debug|Any CPU.Build.0 = Debug|Any CPU
		{004B3861-30BD-4805-976D-F7A0EC1A667E}.Release|Any CPU.ActiveCfg = Release|Any CPU
		{004B3861-30BD-4805-976D-F7A0EC1A667E}.Release|Any CPU.Build.0 = Release|Any CPU
		{C824AA53-3AD6-4081-A98D-38E3989583AB}.Debug|Any CPU.ActiveCfg = Debug|Any CPU
		{C824AA53-3AD6-4081-A98D-38E3989583AB}.Debug|Any CPU.Build.0 = Debug|Any CPU
		{C824AA53-3AD6-4081-A98D-38E3989583AB}.Release|Any CPU.ActiveCfg = Release|Any CPU
		{C824AA53-3AD6-4081-A98D-38E3989583AB}.Release|Any CPU.Build.0 = Release|Any CPU
		{184A625D-FCDD-4727-A77B-65DDF29397CE}.Debug|Any CPU.ActiveCfg = Debug|Any CPU
		{184A625D-FCDD-4727-A77B-65DDF29397CE}.Debug|Any CPU.Build.0 = Debug|Any CPU
		{184A625D-FCDD-4727-A77B-65DDF29397CE}.Release|Any CPU.ActiveCfg = Release|Any CPU
		{184A625D-FCDD-4727-A77B-65DDF29397CE}.Release|Any CPU.Build.0 = Release|Any CPU
		{CAFFB49B-DBEE-4CB5-BA8C-829A69774A46}.Debug|Any CPU.ActiveCfg = Debug|Any CPU
		{CAFFB49B-DBEE-4CB5-BA8C-829A69774A46}.Debug|Any CPU.Build.0 = Debug|Any CPU
		{CAFFB49B-DBEE-4CB5-BA8C-829A69774A46}.Release|Any CPU.ActiveCfg = Release|Any CPU
		{CAFFB49B-DBEE-4CB5-BA8C-829A69774A46}.Release|Any CPU.Build.0 = Release|Any CPU
	EndGlobalSection
	GlobalSection(SolutionProperties) = preSolution
		HideSolutionNode = FALSE
	EndGlobalSection
	GlobalSection(ExtensibilityGlobals) = postSolution
		SolutionGuid = {2A47BC0D-55BB-424F-8B20-777B826779F9}
	EndGlobalSection
EndGlobal
